
Microsoft Visual Studio Solution File, Format Version 12.00
# Visual Studio Version 17
VisualStudioVersion = 17.5.33424.131
MinimumVisualStudioVersion = 10.0.40219.1
Project("{FAE04EC0-301F-11D3-BF4B-00C04F79EFBC}") = "CV19", "CV19\CV19.csproj", "{B91FDAED-ECE5-4132-A1AC-CEDB2297FF0F}"
EndProject
Global
	GlobalSection(SolutionConfigurationPlatforms) = preSolution
		Debug|Any CPU = Debug|Any CPU
		Release|Any CPU = Release|Any CPU
	EndGlobalSection
	GlobalSection(ProjectConfigurationPlatforms) = postSolution
		{B91FDAED-ECE5-4132-A1AC-CEDB2297FF0F}.Debug|Any CPU.ActiveCfg = Debug|Any CPU
		{B91FDAED-ECE5-4132-A1AC-CEDB2297FF0F}.Debug|Any CPU.Build.0 = Debug|Any CPU
		{B91FDAED-ECE5-4132-A1AC-CEDB2297FF0F}.Release|Any CPU.ActiveCfg = Release|Any CPU
		{B91FDAED-ECE5-4132-A1AC-CEDB2297FF0F}.Release|Any CPU.Build.0 = Release|Any CPU
	EndGlobalSection
	GlobalSection(SolutionProperties) = preSolution
		HideSolutionNode = FALSE
	EndGlobalSection
	GlobalSection(ExtensibilityGlobals) = postSolution
		SolutionGuid = {EC4CACDC-9F49-4A7F-A13E-FC5A80622380}
	EndGlobalSection
EndGlobal
